
Microsoft Visual Studio Solution File, Format Version 12.00
# Visual Studio Version 16
VisualStudioVersion = 16.0.30114.105
MinimumVisualStudioVersion = 10.0.40219.1
Project("{FAE04EC0-301F-11D3-BF4B-00C04F79EFBC}") = "PVMonitor", "PVMonitor.csproj", "{FD4F708E-0D65-46F3-807F-7978FF1848D2}"
EndProject
Global
	GlobalSection(SolutionConfigurationPlatforms) = preSolution
		Debug|Any CPU = Debug|Any CPU
		Release|Any CPU = Release|Any CPU
	EndGlobalSection
	GlobalSection(ProjectConfigurationPlatforms) = postSolution
		{FD4F708E-0D65-46F3-807F-7978FF1848D2}.Debug|Any CPU.ActiveCfg = Debug|Any CPU
		{FD4F708E-0D65-46F3-807F-7978FF1848D2}.Debug|Any CPU.Build.0 = Debug|Any CPU
		{FD4F708E-0D65-46F3-807F-7978FF1848D2}.Release|Any CPU.ActiveCfg = Release|Any CPU
		{FD4F708E-0D65-46F3-807F-7978FF1848D2}.Release|Any CPU.Build.0 = Release|Any CPU
	EndGlobalSection
	GlobalSection(SolutionProperties) = preSolution
		HideSolutionNode = FALSE
	EndGlobalSection
	GlobalSection(ExtensibilityGlobals) = postSolution
		SolutionGuid = {84CB10C4-A30F-42AC-9518-21406B76F0C6}
	EndGlobalSection
EndGlobal
