
Microsoft Visual Studio Solution File, Format Version 12.00
# Visual Studio Version 17
VisualStudioVersion = 17.4.33213.308
MinimumVisualStudioVersion = 10.0.40219.1
Project("{9A19103F-16F7-4668-BE54-9A1E7A4F7556}") = "UA-EdgeHEMS", "UA-EdgeHEMS.csproj", "{FD4F708E-0D65-46F3-807F-7978FF1848D2}"
EndProject
Project("{2150E333-8FDC-42A3-9474-1A3956D46DE8}") = "Solution Items", "Solution Items", "{9532229E-A46C-4D70-A992-6AA44129308F}"
	ProjectSection(SolutionItems) = preProject
		.github\workflows\docker-publish-arm64.yml = .github\workflows\docker-publish-arm64.yml
		.github\workflows\docker-publish.yml = .github\workflows\docker-publish.yml
	EndProjectSection
EndProject
Global
	GlobalSection(SolutionConfigurationPlatforms) = preSolution
		Debug|Any CPU = Debug|Any CPU
		Release|Any CPU = Release|Any CPU
	EndGlobalSection
	GlobalSection(ProjectConfigurationPlatforms) = postSolution
		{FD4F708E-0D65-46F3-807F-7978FF1848D2}.Debug|Any CPU.ActiveCfg = Debug|Any CPU
		{FD4F708E-0D65-46F3-807F-7978FF1848D2}.Debug|Any CPU.Build.0 = Debug|Any CPU
		{FD4F708E-0D65-46F3-807F-7978FF1848D2}.Release|Any CPU.ActiveCfg = Release|Any CPU
		{FD4F708E-0D65-46F3-807F-7978FF1848D2}.Release|Any CPU.Build.0 = Release|Any CPU
	EndGlobalSection
	GlobalSection(SolutionProperties) = preSolution
		HideSolutionNode = FALSE
	EndGlobalSection
	GlobalSection(ExtensibilityGlobals) = postSolution
		SolutionGuid = {84CB10C4-A30F-42AC-9518-21406B76F0C6}
	EndGlobalSection
EndGlobal
